#MicroXplorer Configuration settings - do not modify
File.Version=6
Mcu.CPN=STM32F103C8T6
Mcu.Family=STM32F1
Mcu.Name=STM32F103C8Tx
Mcu.UserName=STM32F103C8Tx
Mcu.IP0=NVIC
Mcu.IP1=RCC
Mcu.IP2=SYS
Mcu.IP3=USART1
Mcu.IPNb=4
Mcu.Pin0=PA9
Mcu.Pin1=PA10
Mcu.PinsNb=2
PA9.Mode=Asynchronous
PA9.Signal=USART1_TX
PA10.Mode=Asynchronous
PA10.Signal=USART1_RX
RCC.AHBFreq_Value=72000000
RCC.APB1CLKDivider=RCC_HCLK_DIV2
RCC.APB1Freq_Value=36000000
RCC.APB2CLKDivider=RCC_HCLK_DIV1
RCC.APB2Freq_Value=72000000
RCC.HCLKFreq_Value=72000000
RCC.HSE_VALUE=8000000
RCC.PLLMUL=RCC_PLL_MUL9
RCC.PLLSourceVirtual=RCC_PLLSOURCE_HSE
RCC.SYSCLKFreq_VALUE=72000000
RCC.SYSCLKSource=RCC_SYSCLKSOURCE_PLLCLK
RCC.IPParameters=AHBFreq_Value,APB1CLKDivider,APB1Freq_Value,APB2CLKDivider,APB2Freq_Value,HCLKFreq_Value,HSE_VALUE,PLLMUL,PLLSourceVirtual,SYSCLKFreq_VALUE,SYSCLKSource
USART1.BaudRate=115200
USART1.IPParameters=VirtualMode,BaudRate,Mode
USART1.Mode=MODE_TX_RX
USART1.VirtualMode=VM_ASYNC
