#MicroXplorer Configuration settings - do not modify
File.Version=6
Mcu.CPN=STM32F407VGT6
Mcu.Family=STM32F4
Mcu.Name=STM32F407V(E-G)Tx
Mcu.UserName=STM32F407VGTx
Mcu.IP0=NVIC
Mcu.IP1=RCC
Mcu.IP2=SYS
Mcu.IP3=USART2
Mcu.IPNb=4
Mcu.Pin0=PA2
Mcu.Pin1=PA3
Mcu.PinsNb=2
PA2.Mode=Asynchronous
PA2.Signal=USART2_TX
PA3.Mode=Asynchronous
PA3.Signal=USART2_RX
RCC.AHBFreq_Value=168000000
RCC.APB1CLKDivider=RCC_HCLK_DIV4
RCC.APB1Freq_Value=84000000
RCC.APB2CLKDivider=RCC_HCLK_DIV2
RCC.APB2Freq_Value=84000000
RCC.HCLKFreq_Value=168000000
RCC.HSE_VALUE=8000000
RCC.PLLM=8
RCC.PLLN=336
RCC.PLLP=RCC_PLLP_DIV2
RCC.PLLQ=7
RCC.PLLSourceVirtual=RCC_PLLSOURCE_HSE
RCC.SYSCLKFreq_VALUE=168000000
RCC.SYSCLKSource=RCC_SYSCLKSOURCE_PLLCLK
RCC.IPParameters=AHBFreq_Value,APB1CLKDivider,APB1Freq_Value,APB2CLKDivider,APB2Freq_Value,HCLKFreq_Value,HSE_VALUE,PLLM,PLLN,PLLP,PLLQ,PLLSourceVirtual,SYSCLKFreq_VALUE,SYSCLKSource
USART2.BaudRate=115200
USART2.IPParameters=VirtualMode,BaudRate,Mode
USART2.Mode=MODE_TX_RX
USART2.VirtualMode=VM_ASYNC
